github.com/d2r2/go-bsbmp v0.0.0-20190515110334-3b4b3aea8375 h1:vdUOwcZdV+bBfGUUh5oPPWSzw9p+lBnNSuGgQwGpCH4=
github.com/d2r2/go-bsbmp v0.0.0-20190515110334-3b4b3aea8375/go.mod h1:3iz1WHlYJU9b4NJei+Q8G7DN3K05arcCMlOQ+qNCDjo=
github.com/d2r2/go-i2c v0.0.0-20181113114621-14f8dd4e89ce h1:Dog7PLNz1fPaXqHPOHonpERqsF57Oh4X76pM80T1GDY=
github.com/d2r2/go-i2c v0.0.0-20181113114621-14f8dd4e89ce/go.mod h1:AwxDPnsgIpy47jbGXZHA9Rv7pDkOJvQbezPuK1Y+nNk=
github.com/d2r2/go-logger v0.0.0-20181221090742-9998a510495e h1:ZG3JBA6rPRl0xxQ+nNSfO7tor8w+CNCTs05DNJQYbLM=
github.com/d2r2/go-logger v0.0.0-20181221090742-9998a510495e/go.mod h1:oA+9PUt8F1aKJ6o4YU1T120i7sgo1T6/1LWEEBy0BSs=
github.com/davecgh/go-spew v1.1.1 h1:vj9j/u1bqnvCEfJOwUhtlOARqs3+rkHYY13jYWTU97c=
github.com/davecgh/go-spew v1.1.1/go.mod h1:J7Y8YcW2NihsgmVo/mv3lAwl/skON4iLHjSsI+c5H38=
github.com/dchote/go-envirophat v0.0.0-20191010152712-404ee0f46364 h1:cf5yoxa2FEByU65A260q97uP/3XP9fnbNa7PWfL2oJw=
github.com/dchote/go-envirophat v0.0.0-20191010152712-404ee0f46364/go.mod h1:/jVJH9T7Mx3g/UICPrUT9CJ7ON8tvrqW+W3sCgUTIoY=
github.com/docopt/docopt-go v0.0.0-20180111231733-ee0de3bc6815 h1:bWDMxwH3px2JBh6AyO7hdCn/PkvCZXii8TGj7sbtEbQ=
github.com/docopt/docopt-go v0.0.0-20180111231733-ee0de3bc6815/go.mod h1:WwZ+bS3ebgob9U8Nd0kOddGdZWjyMGR8Wziv+TBNwSE=
github.com/eclipse/paho.mqtt.golang v1.2.0 h1:1F8mhG9+aO5/xpdtFkW4SxOJB67ukuDC3t2y2qayIX0=
github.com/eclipse/paho.mqtt.golang v1.2.0/go.mod h1:H9keYFcgq3Qr5OUJm/JZI/i6U7joQ8SYLhZwfeOo6Ts=
github.com/pkg/errors v0.8.1 h1:iURUrRGxPUNPdy5/HRSm+Yj6okJ6UtLINN0Q9M4+h3I=
github.com/pkg/errors v0.8.1/go.mod h1:bwawxfHBFNV+L2hUp1rHADufV3IMtnDRdf1r5NINEl0=
github.com/stianeikeland/go-rpio v4.2.0+incompatible/go.mod h1:Sh81rdJwD96E2wja2Gd7rrKM+XZ9LrwvN2w4IXrqLR8=
golang.org/x/crypto v0.0.0-20190308221718-c2843e01d9a2/go.mod h1:djNgcEr1/C05ACkg1iLfiJU5Ep61QUkGW8qpdssI0+w=
golang.org/x/net v0.0.0-20191009170851-d66e71096ffb h1:TR699M2v0qoKTOHxeLgp6zPqaQNs74f01a/ob9W0qko=
golang.org/x/net v0.0.0-20191009170851-d66e71096ffb/go.mod h1:z5CRVTTTmAJ677TzLLGU+0bjPO0LkuOLi4/5GtJWs/s=
golang.org/x/sys v0.0.0-20190215142949-d0b11bdaac8a/go.mod h1:STP8DvDyc/dI5b8T5hshtkjS+E42TnysNCUPdjciGhY=
golang.org/x/text v0.3.0/go.mod h1:NqM8EUOU14njkJ3fqMW+pc6Ldnwhi/IjpwHt7yyuwOQ=
